{
  "lockfileVersion": 1,
  "configVersion": 1,
  "workspaces": {
    "": {
      "name": "grade-exam",
      "dependencies": {
        "node-appwrite": "^13.0.0",
      },
    },
  },
  "packages": {
    "node-appwrite": ["node-appwrite@13.0.0", "", { "dependencies": { "node-fetch-native-with-agent": "1.7.2" } }, "sha512-O1g1RWcRYcvnVvR0Dykjoe/4UcL6ELVvZosb4B8/hhNvleuWfN2fOFxzeCaU8amGW6UtVtZqvNaUT3IF1mPBdA=="],

    "node-fetch-native-with-agent": ["node-fetch-native-with-agent@1.7.2", "", {}, "sha512-5MaOOCuJEvcckoz7/tjdx1M6OusOY6Xc5f459IaruGStWnKzlI1qpNgaAwmn4LmFYcsSlj+jBMk84wmmRxfk5g=="],
  }
}
